
Microsoft Visual Studio Solution File, Format Version 12.00
# Visual Studio 15
VisualStudioVersion = 15.0.28010.2016
MinimumVisualStudioVersion = 10.0.40219.1
Project("{9A19103F-16F7-4668-BE54-9A1E7A4F7556}") = "DownloadRouter", "DownloadRouter\DownloadRouter.csproj", "{C0B5009F-C6FB-4313-8D96-2F09379F9ED7}"
EndProject
Project("{9A19103F-16F7-4668-BE54-9A1E7A4F7556}") = "DownloadRouter.Watcher.Core", "DownloadRouter.Watcher.Core\DownloadRouter.Watcher.Core.csproj", "{762C7119-9211-498C-A9AE-8FAF525045C0}"
EndProject
Project("{FAE04EC0-301F-11D3-BF4B-00C04F79EFBC}") = "DownloadRouter.Watcher.Tray", "DownloadRouter.Watcher.Tray\DownloadRouter.Watcher.Tray.csproj", "{36E6797F-C5A7-4FB6-8856-5FD32044A327}"
EndProject
Project("{FAE04EC0-301F-11D3-BF4B-00C04F79EFBC}") = "DownloadRouter.Core", "DownloadRouter.Core\DownloadRouter.Core.csproj", "{C16B3EB4-6B77-4417-AA41-1EF1740BF3DE}"
EndProject
Global
	GlobalSection(SolutionConfigurationPlatforms) = preSolution
		Debug|Any CPU = Debug|Any CPU
		Release|Any CPU = Release|Any CPU
	EndGlobalSection
	GlobalSection(ProjectConfigurationPlatforms) = postSolution
		{C0B5009F-C6FB-4313-8D96-2F09379F9ED7}.Debug|Any CPU.ActiveCfg = Debug|Any CPU
		{C0B5009F-C6FB-4313-8D96-2F09379F9ED7}.Debug|Any CPU.Build.0 = Debug|Any CPU
		{C0B5009F-C6FB-4313-8D96-2F09379F9ED7}.Release|Any CPU.ActiveCfg = Release|Any CPU
		{C0B5009F-C6FB-4313-8D96-2F09379F9ED7}.Release|Any CPU.Build.0 = Release|Any CPU
		{762C7119-9211-498C-A9AE-8FAF525045C0}.Debug|Any CPU.ActiveCfg = Debug|Any CPU
		{762C7119-9211-498C-A9AE-8FAF525045C0}.Debug|Any CPU.Build.0 = Debug|Any CPU
		{762C7119-9211-498C-A9AE-8FAF525045C0}.Release|Any CPU.ActiveCfg = Release|Any CPU
		{762C7119-9211-498C-A9AE-8FAF525045C0}.Release|Any CPU.Build.0 = Release|Any CPU
		{36E6797F-C5A7-4FB6-8856-5FD32044A327}.Debug|Any CPU.ActiveCfg = Debug|Any CPU
		{36E6797F-C5A7-4FB6-8856-5FD32044A327}.Debug|Any CPU.Build.0 = Debug|Any CPU
		{36E6797F-C5A7-4FB6-8856-5FD32044A327}.Release|Any CPU.ActiveCfg = Release|Any CPU
		{36E6797F-C5A7-4FB6-8856-5FD32044A327}.Release|Any CPU.Build.0 = Release|Any CPU
		{C16B3EB4-6B77-4417-AA41-1EF1740BF3DE}.Debug|Any CPU.ActiveCfg = Debug|Any CPU
		{C16B3EB4-6B77-4417-AA41-1EF1740BF3DE}.Debug|Any CPU.Build.0 = Debug|Any CPU
		{C16B3EB4-6B77-4417-AA41-1EF1740BF3DE}.Release|Any CPU.ActiveCfg = Release|Any CPU
		{C16B3EB4-6B77-4417-AA41-1EF1740BF3DE}.Release|Any CPU.Build.0 = Release|Any CPU
	EndGlobalSection
	GlobalSection(SolutionProperties) = preSolution
		HideSolutionNode = FALSE
	EndGlobalSection
	GlobalSection(ExtensibilityGlobals) = postSolution
		SolutionGuid = {95889684-8E1C-47F4-BF96-DE0188E8442E}
	EndGlobalSection
EndGlobal
